// !$*UTF8*$!
{
	archiveVersion = 1;
	classes = {
	};
	objectVersion = 90;
	objects = {

/* Begin PBXContainerItemProxy section */
		1795F6F42E0C05780013DC7C /* PBXContainerItemProxy */ = {
			isa = PBXContainerItemProxy;
			containerPortal = 1795F6DE2E0C05710013DC7C /* Project object */;
			proxyType = 1;
			remoteGlobalIDString = 1795F6E52E0C05710013DC7C;
			remoteInfo = Nosh;
		};
		1795F6FE2E0C05780013DC7C /* PBXContainerItemProxy */ = {
			isa = PBXContainerItemProxy;
			containerPortal = 1795F6DE2E0C05710013DC7C /* Project object */;
			proxyType = 1;
			remoteGlobalIDString = 1795F6E52E0C05710013DC7C;
			remoteInfo = Nosh;
		};
/* End PBXContainerItemProxy section */

/* Begin PBXFileReference section */
		1795F6E62E0C05710013DC7C /* Nosh.app */ = {isa = PBXFileReference; explicitFileType = wrapper.application; includeInIndex = 0; path = Nosh.app; sourceTree = BUILT_PRODUCTS_DIR; };
		1795F6F32E0C05780013DC7C /* NoshTests.xctest */ = {isa = PBXFileReference; explicitFileType = wrapper.cfbundle; includeInIndex = 0; path = NoshTests.xctest; sourceTree = BUILT_PRODUCTS_DIR; };
		1795F6FD2E0C05780013DC7C /* NoshUITests.xctest */ = {isa = PBXFileReference; explicitFileType = wrapper.cfbundle; includeInIndex = 0; path = NoshUITests.xctest; sourceTree = BUILT_PRODUCTS_DIR; };
/* End PBXFileReference section */

/* Begin PBXFileSystemSynchronizedBuildFileExceptionSet section */
		1778B9B02E0C0E50006FD032 /* Exceptions for "Nosh" folder in "Nosh" target */ = {
			isa = PBXFileSystemSynchronizedBuildFileExceptionSet;
			membershipExceptions = (
				Info.plist,
			);
			target = 1795F6E52E0C05710013DC7C /* Nosh */;
		};
		17AD5BB72E0D4B200080F4F2 /* Exceptions for "Nosh" folder in "NoshTests" target */ = {
			isa = PBXFileSystemSynchronizedBuildFileExceptionSet;
			membershipExceptions = (
				Assets.xcassets,
			);
			target = 1795F6F22E0C05780013DC7C /* NoshTests */;
		};
		17AD5BB82E0D4B200080F4F2 /* Exceptions for "Nosh" folder in "NoshUITests" target */ = {
			isa = PBXFileSystemSynchronizedBuildFileExceptionSet;
			membershipExceptions = (
				Assets.xcassets,
			);
			target = 1795F6FC2E0C05780013DC7C /* NoshUITests */;
		};
/* End PBXFileSystemSynchronizedBuildFileExceptionSet section */

/* Begin PBXFileSystemSynchronizedRootGroup section */
		1795F6E82E0C05710013DC7C /* Nosh */ = {
			isa = PBXFileSystemSynchronizedRootGroup;
			exceptions = (
				1778B9B02E0C0E50006FD032 /* Exceptions for "Nosh" folder in "Nosh" target */,
				17AD5BB72E0D4B200080F4F2 /* Exceptions for "Nosh" folder in "NoshTests" target */,
				17AD5BB82E0D4B200080F4F2 /* Exceptions for "Nosh" folder in "NoshUITests" target */,
			);
			path = Nosh;
			sourceTree = "<group>";
		};
		1795F6F62E0C05780013DC7C /* NoshTests */ = {
			isa = PBXFileSystemSynchronizedRootGroup;
			path = NoshTests;
			sourceTree = "<group>";
		};
		1795F7002E0C05780013DC7C /* NoshUITests */ = {
			isa = PBXFileSystemSynchronizedRootGroup;
			path = NoshUITests;
			sourceTree = "<group>";
		};
/* End PBXFileSystemSynchronizedRootGroup section */

/* Begin PBXFrameworksBuildPhase section */
		1795F6E32E0C05710013DC7C /* Frameworks */ = {
			isa = PBXFrameworksBuildPhase;
			files = (
			);
		};
		1795F6F02E0C05780013DC7C /* Frameworks */ = {
			isa = PBXFrameworksBuildPhase;
			files = (
			);
		};
		1795F6FA2E0C05780013DC7C /* Frameworks */ = {
			isa = PBXFrameworksBuildPhase;
			files = (
			);
		};
/* End PBXFrameworksBuildPhase section */

/* Begin PBXGroup section */
		1795F6DD2E0C05710013DC7C = {
			isa = PBXGroup;
			children = (
				1795F6E82E0C05710013DC7C /* Nosh */,
				1795F6F62E0C05780013DC7C /* NoshTests */,
				1795F7002E0C05780013DC7C /* NoshUITests */,
				1795F6E72E0C05710013DC7C /* Products */,
			);
			sourceTree = "<group>";
		};
		1795F6E72E0C05710013DC7C /* Products */ = {
			isa = PBXGroup;
			children = (
				1795F6E62E0C05710013DC7C /* Nosh.app */,
				1795F6F32E0C05780013DC7C /* NoshTests.xctest */,
				1795F6FD2E0C05780013DC7C /* NoshUITests.xctest */,
			);
			name = Products;
			sourceTree = "<group>";
		};
/* End PBXGroup section */

/* Begin PBXNativeTarget section */
		1795F6E52E0C05710013DC7C /* Nosh */ = {
			isa = PBXNativeTarget;
			buildConfigurationList = 1795F7072E0C05780013DC7C /* Build configuration list for PBXNativeTarget "Nosh" */;
			buildPhases = (
				1795F6E22E0C05710013DC7C /* Sources */,
				1795F6E32E0C05710013DC7C /* Frameworks */,
				1795F6E42E0C05710013DC7C /* Resources */,
			);
			buildRules = (
			);
			fileSystemSynchronizedGroups = (
				1795F6E82E0C05710013DC7C /* Nosh */,
			);
			name = Nosh;
			productName = Nosh;
			productReference = 1795F6E62E0C05710013DC7C /* Nosh.app */;
			productType = "com.apple.product-type.application";
		};
		1795F6F22E0C05780013DC7C /* NoshTests */ = {
			isa = PBXNativeTarget;
			buildConfigurationList = 1795F70A2E0C05780013DC7C /* Build configuration list for PBXNativeTarget "NoshTests" */;
			buildPhases = (
				1795F6EF2E0C05780013DC7C /* Sources */,
				1795F6F02E0C05780013DC7C /* Frameworks */,
				1795F6F12E0C05780013DC7C /* Resources */,
			);
			buildRules = (
			);
			dependencies = (
				1795F6F52E0C05780013DC7C /* PBXTargetDependency */,
			);
			fileSystemSynchronizedGroups = (
				1795F6F62E0C05780013DC7C /* NoshTests */,
			);
			name = NoshTests;
			productName = NoshTests;
			productReference = 1795F6F32E0C05780013DC7C /* NoshTests.xctest */;
			productType = "com.apple.product-type.bundle.unit-test";
		};
		1795F6FC2E0C05780013DC7C /* NoshUITests */ = {
			isa = PBXNativeTarget;
			buildConfigurationList = 1795F70D2E0C05780013DC7C /* Build configuration list for PBXNativeTarget "NoshUITests" */;
			buildPhases = (
				1795F6F92E0C05780013DC7C /* Sources */,
				1795F6FA2E0C05780013DC7C /* Frameworks */,
				1795F6FB2E0C05780013DC7C /* Resources */,
			);
			buildRules = (
			);
			dependencies = (
				1795F6FF2E0C05780013DC7C /* PBXTargetDependency */,
			);
			fileSystemSynchronizedGroups = (
				1795F7002E0C05780013DC7C /* NoshUITests */,
			);
			name = NoshUITests;
			productName = NoshUITests;
			productReference = 1795F6FD2E0C05780013DC7C /* NoshUITests.xctest */;
			productType = "com.apple.product-type.bundle.ui-testing";
		};
/* End PBXNativeTarget section */

/* Begin PBXProject section */
		1795F6DE2E0C05710013DC7C /* Project object */ = {
			isa = PBXProject;
			attributes = {
				BuildIndependentTargetsInParallel = 1;
				LastSwiftUpdateCheck = 1640;
				LastUpgradeCheck = 1640;
				TargetAttributes = {
					1795F6E52E0C05710013DC7C = {
						CreatedOnToolsVersion = 16.4;
					};
					1795F6F22E0C05780013DC7C = {
						CreatedOnToolsVersion = 16.4;
						TestTargetID = 1795F6E52E0C05710013DC7C;
					};
					1795F6FC2E0C05780013DC7C = {
						CreatedOnToolsVersion = 16.4;
						TestTargetID = 1795F6E52E0C05710013DC7C;
					};
				};
			};
			buildConfigurationList = 1795F6E12E0C05710013DC7C /* Build configuration list for PBXProject "Nosh" */;
			developmentRegion = en;
			hasScannedForEncodings = 0;
			knownRegions = (
				en,
				Base,
			);
			mainGroup = 1795F6DD2E0C05710013DC7C;
			minimizedProjectReferenceProxies = 1;
			preferredProjectObjectVersion = 90;
			productRefGroup = 1795F6E72E0C05710013DC7C /* Products */;
			projectDirPath = "";
			projectRoot = "";
			targets = (
				1795F6E52E0C05710013DC7C /* Nosh */,
				1795F6F22E0C05780013DC7C /* NoshTests */,
				1795F6FC2E0C05780013DC7C /* NoshUITests */,
			);
		};
/* End PBXProject section */

/* Begin PBXResourcesBuildPhase section */
		1795F6E42E0C05710013DC7C /* Resources */ = {
			isa = PBXResourcesBuildPhase;
			files = (
			);
		};
		1795F6F12E0C05780013DC7C /* Resources */ = {
			isa = PBXResourcesBuildPhase;
			files = (
			);
		};
		1795F6FB2E0C05780013DC7C /* Resources */ = {
			isa = PBXResourcesBuildPhase;
			files = (
			);
		};
/* End PBXResourcesBuildPhase section */

/* Begin PBXSourcesBuildPhase section */
		1795F6E22E0C05710013DC7C /* Sources */ = {
			isa = PBXSourcesBuildPhase;
			files = (
			);
		};
		1795F6EF2E0C05780013DC7C /* Sources */ = {
			isa = PBXSourcesBuildPhase;
			files = (
			);
		};
		1795F6F92E0C05780013DC7C /* Sources */ = {
			isa = PBXSourcesBuildPhase;
			files = (
			);
		};
/* End PBXSourcesBuildPhase section */

/* Begin PBXTargetDependency section */
		1795F6F52E0C05780013DC7C /* PBXTargetDependency */ = {
			isa = PBXTargetDependency;
			target = 1795F6E52E0C05710013DC7C /* Nosh */;
			targetProxy = 1795F6F42E0C05780013DC7C /* PBXContainerItemProxy */;
		};
		1795F6FF2E0C05780013DC7C /* PBXTargetDependency */ = {
			isa = PBXTargetDependency;
			target = 1795F6E52E0C05710013DC7C /* Nosh */;
			targetProxy = 1795F6FE2E0C05780013DC7C /* PBXContainerItemProxy */;
		};
/* End PBXTargetDependency section */

/* Begin XCBuildConfiguration section */
		1795F7052E0C05780013DC7C /* Debug configuration for PBXProject "Nosh" */ = {
			isa = XCBuildConfiguration;
			buildSettings = {
				ALWAYS_SEARCH_USER_PATHS = NO;
				ASSETCATALOG_COMPILER_GENERATE_SWIFT_ASSET_SYMBOL_EXTENSIONS = YES;
				CLANG_ANALYZER_NONNULL = YES;
				CLANG_ANALYZER_NUMBER_OBJECT_CONVERSION = YES_AGGRESSIVE;
				CLANG_CXX_LANGUAGE_STANDARD = "gnu++20";
				CLANG_ENABLE_MODULES = YES;
				CLANG_ENABLE_OBJC_ARC = YES;
				CLANG_ENABLE_OBJC_WEAK = YES;
				CLANG_WARN_BLOCK_CAPTURE_AUTORELEASING = YES;
				CLANG_WARN_BOOL_CONVERSION = YES;
				CLANG_WARN_COMMA = YES;
				CLANG_WARN_CONSTANT_CONVERSION = YES;
				CLANG_WARN_DEPRECATED_OBJC_IMPLEMENTATIONS = YES;
				CLANG_WARN_DIRECT_OBJC_ISA_USAGE = YES_ERROR;
				CLANG_WARN_DOCUMENTATION_COMMENTS = YES;
				CLANG_WARN_EMPTY_BODY = YES;
				CLANG_WARN_ENUM_CONVERSION = YES;
				CLANG_WARN_INFINITE_RECURSION = YES;
				CLANG_WARN_INT_CONVERSION = YES;
				CLANG_WARN_NON_LITERAL_NULL_CONVERSION = YES;
				CLANG_WARN_OBJC_IMPLICIT_RETAIN_SELF = YES;
				CLANG_WARN_OBJC_LITERAL_CONVERSION = YES;
				CLANG_WARN_OBJC_ROOT_CLASS = YES_ERROR;
				CLANG_WARN_QUOTED_INCLUDE_IN_FRAMEWORK_HEADER = YES;
				CLANG_WARN_RANGE_LOOP_ANALYSIS = YES;
				CLANG_WARN_STRICT_PROTOTYPES = YES;
				CLANG_WARN_SUSPICIOUS_MOVE = YES;
				CLANG_WARN_UNGUARDED_AVAILABILITY = YES_AGGRESSIVE;
				CLANG_WARN_UNREACHABLE_CODE = YES;
				CLANG_WARN__DUPLICATE_METHOD_MATCH = YES;
				COPY_PHASE_STRIP = NO;
				DEBUG_INFORMATION_FORMAT = dwarf;
				ENABLE_STRICT_OBJC_MSGSEND = YES;
				ENABLE_TESTABILITY = YES;
				ENABLE_USER_SCRIPT_SANDBOXING = YES;
				GCC_C_LANGUAGE_STANDARD = gnu17;
				GCC_DYNAMIC_NO_PIC = NO;
				GCC_NO_COMMON_BLOCKS = YES;
				GCC_OPTIMIZATION_LEVEL = 0;
				GCC_PREPROCESSOR_DEFINITIONS = (
					"DEBUG=1",
					"$(inherited)",
				);
				GCC_WARN_64_TO_32_BIT_CONVERSION = YES;
				GCC_WARN_ABOUT_RETURN_TYPE = YES_ERROR;
				GCC_WARN_UNDECLARED_SELECTOR = YES;
				GCC_WARN_UNINITIALIZED_AUTOS = YES_AGGRESSIVE;
				GCC_WARN_UNUSED_FUNCTION = YES;
				GCC_WARN_UNUSED_VARIABLE = YES;
				IPHONEOS_DEPLOYMENT_TARGET = 18.5;
				LOCALIZATION_PREFERS_STRING_CATALOGS = YES;
				MTL_ENABLE_DEBUG_INFO = INCLUDE_SOURCE;
				MTL_FAST_MATH = YES;
				ONLY_ACTIVE_ARCH = YES;
				SDKROOT = iphoneos;
				SWIFT_ACTIVE_COMPILATION_CONDITIONS = "DEBUG $(inherited)";
				SWIFT_OPTIMIZATION_LEVEL = "-Onone";
			};
			name = Debug;
		};
		1795F7062E0C05780013DC7C /* Release configuration for PBXProject "Nosh" */ = {
			isa = XCBuildConfiguration;
			buildSettings = {
				ALWAYS_SEARCH_USER_PATHS = NO;
				ASSETCATALOG_COMPILER_GENERATE_SWIFT_ASSET_SYMBOL_EXTENSIONS = YES;
				CLANG_ANALYZER_NONNULL = YES;
				CLANG_ANALYZER_NUMBER_OBJECT_CONVERSION = YES_AGGRESSIVE;
				CLANG_CXX_LANGUAGE_STANDARD = "gnu++20";
				CLANG_ENABLE_MODULES = YES;
				CLANG_ENABLE_OBJC_ARC = YES;
				CLANG_ENABLE_OBJC_WEAK = YES;
				CLANG_WARN_BLOCK_CAPTURE_AUTORELEASING = YES;
				CLANG_WARN_BOOL_CONVERSION = YES;
				CLANG_WARN_COMMA = YES;
				CLANG_WARN_CONSTANT_CONVERSION = YES;
				CLANG_WARN_DEPRECATED_OBJC_IMPLEMENTATIONS = YES;
				CLANG_WARN_DIRECT_OBJC_ISA_USAGE = YES_ERROR;
				CLANG_WARN_DOCUMENTATION_COMMENTS = YES;
				CLANG_WARN_EMPTY_BODY = YES;
				CLANG_WARN_ENUM_CONVERSION = YES;
				CLANG_WARN_INFINITE_RECURSION = YES;
				CLANG_WARN_INT_CONVERSION = YES;
				CLANG_WARN_NON_LITERAL_NULL_CONVERSION = YES;
				CLANG_WARN_OBJC_IMPLICIT_RETAIN_SELF = YES;
				CLANG_WARN_OBJC_LITERAL_CONVERSION = YES;
				CLANG_WARN_OBJC_ROOT_CLASS = YES_ERROR;
				CLANG_WARN_QUOTED_INCLUDE_IN_FRAMEWORK_HEADER = YES;
				CLANG_WARN_RANGE_LOOP_ANALYSIS = YES;
				CLANG_WARN_STRICT_PROTOTYPES = YES;
				CLANG_WARN_SUSPICIOUS_MOVE = YES;
				CLANG_WARN_UNGUARDED_AVAILABILITY = YES_AGGRESSIVE;
				CLANG_WARN_UNREACHABLE_CODE = YES;
				CLANG_WARN__DUPLICATE_METHOD_MATCH = YES;
				COPY_PHASE_STRIP = NO;
				DEBUG_INFORMATION_FORMAT = "dwarf-with-dsym";
				ENABLE_NS_ASSERTIONS = NO;
				ENABLE_STRICT_OBJC_MSGSEND = YES;
				ENABLE_USER_SCRIPT_SANDBOXING = YES;
				GCC_C_LANGUAGE_STANDARD = gnu17;
				GCC_NO_COMMON_BLOCKS = YES;
				GCC_WARN_64_TO_32_BIT_CONVERSION = YES;
				GCC_WARN_ABOUT_RETURN_TYPE = YES_ERROR;
				GCC_WARN_UNDECLARED_SELECTOR = YES;
				GCC_WARN_UNINITIALIZED_AUTOS = YES_AGGRESSIVE;
				GCC_WARN_UNUSED_FUNCTION = YES;
				GCC_WARN_UNUSED_VARIABLE = YES;
				IPHONEOS_DEPLOYMENT_TARGET = 18.5;
				LOCALIZATION_PREFERS_STRING_CATALOGS = YES;
				MTL_ENABLE_DEBUG_INFO = NO;
				MTL_FAST_MATH = YES;
				SDKROOT = iphoneos;
				SWIFT_COMPILATION_MODE = wholemodule;
				VALIDATE_PRODUCT = YES;
			};
			name = Release;
		};
		1795F7082E0C05780013DC7C /* Debug configuration for PBXNativeTarget "Nosh" */ = {
			isa = XCBuildConfiguration;
			buildSettings = {
				ASSETCATALOG_COMPILER_APPICON_NAME = NoshAppIcons;
				ASSETCATALOG_COMPILER_GLOBAL_ACCENT_COLOR_NAME = AccentColor;
				ASSETCATALOG_COMPILER_INCLUDE_ALL_APPICON_ASSETS = NO;
				CODE_SIGN_STYLE = Automatic;
				CURRENT_PROJECT_VERSION = 1;
				DEVELOPMENT_TEAM = T9DK5MHDVG;
				ENABLE_PREVIEWS = YES;
				GENERATE_INFOPLIST_FILE = NO;
				INFOPLIST_FILE = Nosh/Info.plist;
				INFOPLIST_KEY_UIApplicationSceneManifest_Generation = YES;
				INFOPLIST_KEY_UIApplicationSupportsIndirectInputEvents = YES;
				INFOPLIST_KEY_UILaunchScreen_Generation = YES;
				INFOPLIST_KEY_UISupportedInterfaceOrientations_iPad = "UIInterfaceOrientationPortrait UIInterfaceOrientationPortraitUpsideDown UIInterfaceOrientationLandscapeLeft UIInterfaceOrientationLandscapeRight";
				INFOPLIST_KEY_UISupportedInterfaceOrientations_iPhone = "UIInterfaceOrientationPortrait UIInterfaceOrientationLandscapeLeft UIInterfaceOrientationLandscapeRight";
				IPHONEOS_DEPLOYMENT_TARGET = 17.6;
				LD_RUNPATH_SEARCH_PATHS = (
					"$(inherited)",
					"@executable_path/Frameworks",
				);
				MARKETING_VERSION = 1.0;
				PRODUCT_BUNDLE_IDENTIFIER = com.NoshApp.Nosh;
				PRODUCT_NAME = "$(TARGET_NAME)";
				SWIFT_EMIT_LOC_STRINGS = YES;
				SWIFT_VERSION = 5.0;
				TARGETED_DEVICE_FAMILY = "1,2";
			};
			name = Debug;
		};
		1795F7092E0C05780013DC7C /* Release configuration for PBXNativeTarget "Nosh" */ = {
			isa = XCBuildConfiguration;
			buildSettings = {
				ASSETCATALOG_COMPILER_APPICON_NAME = NoshAppIcons;
				ASSETCATALOG_COMPILER_GLOBAL_ACCENT_COLOR_NAME = AccentColor;
				ASSETCATALOG_COMPILER_INCLUDE_ALL_APPICON_ASSETS = NO;
				CODE_SIGN_STYLE = Automatic;
				CURRENT_PROJECT_VERSION = 1;
				DEVELOPMENT_TEAM = T9DK5MHDVG;
				ENABLE_PREVIEWS = YES;
				GENERATE_INFOPLIST_FILE = NO;
				INFOPLIST_FILE = Nosh/Info.plist;
				INFOPLIST_KEY_UIApplicationSceneManifest_Generation = YES;
				INFOPLIST_KEY_UIApplicationSupportsIndirectInputEvents = YES;
				INFOPLIST_KEY_UILaunchScreen_Generation = YES;
				INFOPLIST_KEY_UISupportedInterfaceOrientations_iPad = "UIInterfaceOrientationPortrait UIInterfaceOrientationPortraitUpsideDown UIInterfaceOrientationLandscapeLeft UIInterfaceOrientationLandscapeRight";
				INFOPLIST_KEY_UISupportedInterfaceOrientations_iPhone = "UIInterfaceOrientationPortrait UIInterfaceOrientationLandscapeLeft UIInterfaceOrientationLandscapeRight";
				IPHONEOS_DEPLOYMENT_TARGET = 17.6;
				LD_RUNPATH_SEARCH_PATHS = (
					"$(inherited)",
					"@executable_path/Frameworks",
				);
				MARKETING_VERSION = 1.0;
				PRODUCT_BUNDLE_IDENTIFIER = com.NoshApp.Nosh;
				PRODUCT_NAME = "$(TARGET_NAME)";
				SWIFT_EMIT_LOC_STRINGS = YES;
				SWIFT_VERSION = 5.0;
				TARGETED_DEVICE_FAMILY = "1,2";
			};
			name = Release;
		};
		1795F70B2E0C05780013DC7C /* Debug configuration for PBXNativeTarget "NoshTests" */ = {
			isa = XCBuildConfiguration;
			buildSettings = {
				BUNDLE_LOADER = "$(TEST_HOST)";
				CODE_SIGN_STYLE = Automatic;
				CURRENT_PROJECT_VERSION = 1;
				GENERATE_INFOPLIST_FILE = YES;
				IPHONEOS_DEPLOYMENT_TARGET = 18.5;
				MARKETING_VERSION = 1.0;
				PRODUCT_BUNDLE_IDENTIFIER = com.NoshApp.NoshTests;
				PRODUCT_NAME = "$(TARGET_NAME)";
				SWIFT_EMIT_LOC_STRINGS = NO;
				SWIFT_VERSION = 5.0;
				TARGETED_DEVICE_FAMILY = "1,2";
				TEST_HOST = "$(BUILT_PRODUCTS_DIR)/Nosh.app/$(BUNDLE_EXECUTABLE_FOLDER_PATH)/Nosh";
			};
			name = Debug;
		};
		1795F70C2E0C05780013DC7C /* Release configuration for PBXNativeTarget "NoshTests" */ = {
			isa = XCBuildConfiguration;
			buildSettings = {
				BUNDLE_LOADER = "$(TEST_HOST)";
				CODE_SIGN_STYLE = Automatic;
				CURRENT_PROJECT_VERSION = 1;
				GENERATE_INFOPLIST_FILE = YES;
				IPHONEOS_DEPLOYMENT_TARGET = 18.5;
				MARKETING_VERSION = 1.0;
				PRODUCT_BUNDLE_IDENTIFIER = com.NoshApp.NoshTests;
				PRODUCT_NAME = "$(TARGET_NAME)";
				SWIFT_EMIT_LOC_STRINGS = NO;
				SWIFT_VERSION = 5.0;
				TARGETED_DEVICE_FAMILY = "1,2";
				TEST_HOST = "$(BUILT_PRODUCTS_DIR)/Nosh.app/$(BUNDLE_EXECUTABLE_FOLDER_PATH)/Nosh";
			};
			name = Release;
		};
		1795F70E2E0C05780013DC7C /* Debug configuration for PBXNativeTarget "NoshUITests" */ = {
			isa = XCBuildConfiguration;
			buildSettings = {
				CODE_SIGN_STYLE = Automatic;
				CURRENT_PROJECT_VERSION = 1;
				GENERATE_INFOPLIST_FILE = YES;
				MARKETING_VERSION = 1.0;
				PRODUCT_BUNDLE_IDENTIFIER = com.NoshApp.NoshUITests;
				PRODUCT_NAME = "$(TARGET_NAME)";
				SWIFT_EMIT_LOC_STRINGS = NO;
				SWIFT_VERSION = 5.0;
				TARGETED_DEVICE_FAMILY = "1,2";
				TEST_TARGET_NAME = Nosh;
			};
			name = Debug;
		};
		1795F70F2E0C05780013DC7C /* Release configuration for PBXNativeTarget "NoshUITests" */ = {
			isa = XCBuildConfiguration;
			buildSettings = {
				CODE_SIGN_STYLE = Automatic;
				CURRENT_PROJECT_VERSION = 1;
				GENERATE_INFOPLIST_FILE = YES;
				MARKETING_VERSION = 1.0;
				PRODUCT_BUNDLE_IDENTIFIER = com.NoshApp.NoshUITests;
				PRODUCT_NAME = "$(TARGET_NAME)";
				SWIFT_EMIT_LOC_STRINGS = NO;
				SWIFT_VERSION = 5.0;
				TARGETED_DEVICE_FAMILY = "1,2";
				TEST_TARGET_NAME = Nosh;
			};
			name = Release;
		};
/* End XCBuildConfiguration section */

/* Begin XCConfigurationList section */
		1795F6E12E0C05710013DC7C /* Build configuration list for PBXProject "Nosh" */ = {
			isa = XCConfigurationList;
			buildConfigurations = (
				1795F7052E0C05780013DC7C /* Debug configuration for PBXProject "Nosh" */,
				1795F7062E0C05780013DC7C /* Release configuration for PBXProject "Nosh" */,
			);
			defaultConfigurationName = Release;
		};
		1795F7072E0C05780013DC7C /* Build configuration list for PBXNativeTarget "Nosh" */ = {
			isa = XCConfigurationList;
			buildConfigurations = (
				1795F7082E0C05780013DC7C /* Debug configuration for PBXNativeTarget "Nosh" */,
				1795F7092E0C05780013DC7C /* Release configuration for PBXNativeTarget "Nosh" */,
			);
			defaultConfigurationName = Release;
		};
		1795F70A2E0C05780013DC7C /* Build configuration list for PBXNativeTarget "NoshTests" */ = {
			isa = XCConfigurationList;
			buildConfigurations = (
				1795F70B2E0C05780013DC7C /* Debug configuration for PBXNativeTarget "NoshTests" */,
				1795F70C2E0C05780013DC7C /* Release configuration for PBXNativeTarget "NoshTests" */,
			);
			defaultConfigurationName = Release;
		};
		1795F70D2E0C05780013DC7C /* Build configuration list for PBXNativeTarget "NoshUITests" */ = {
			isa = XCConfigurationList;
			buildConfigurations = (
				1795F70E2E0C05780013DC7C /* Debug configuration for PBXNativeTarget "NoshUITests" */,
				1795F70F2E0C05780013DC7C /* Release configuration for PBXNativeTarget "NoshUITests" */,
			);
			defaultConfigurationName = Release;
		};
/* End XCConfigurationList section */
	};
	rootObject = 1795F6DE2E0C05710013DC7C /* Project object */;
}
